{
  "lockfile_version": "1",
  "packages": {
    "dart@latest": {
      "last_modified": "2024-06-03T07:19:07Z",
      "resolved": "github:NixOS/nixpkgs/4a4ecb0ab415c9fccfb005567a215e6a9564cdf5#dart",
      "source": "devbox-search",
      "version": "3.4.2",
      "systems": {
        "aarch64-darwin": {
          "outputs": [
            {
              "name": "out",
              "path": "/nix/store/9piqr817cdsgmz31m8q723lxhcpgqsa4-dart-3.4.2",
              "default": true
            }
          ],
          "store_path": "/nix/store/9piqr817cdsgmz31m8q723lxhcpgqsa4-dart-3.4.2"
        },
        "aarch64-linux": {
          "outputs": [
            {
              "name": "out",
              "path": "/nix/store/1j3h5yqxvgzakv5gir1ssg7wggwxhmsd-dart-3.4.2",
              "default": true
            }
          ],
          "store_path": "/nix/store/1j3h5yqxvgzakv5gir1ssg7wggwxhmsd-dart-3.4.2"
        },
        "x86_64-darwin": {
          "outputs": [
            {
              "name": "out",
              "path": "/nix/store/k8a6gkss3s19p5dhbzgbdqqk5b8qzd7d-dart-3.4.2",
              "default": true
            }
          ],
          "store_path": "/nix/store/k8a6gkss3s19p5dhbzgbdqqk5b8qzd7d-dart-3.4.2"
        },
        "x86_64-linux": {
          "outputs": [
            {
              "name": "out",
              "path": "/nix/store/wbj1csi5fk2w99aiglwgg1mv406pw4pn-dart-3.4.2",
              "default": true
            }
          ],
          "store_path": "/nix/store/wbj1csi5fk2w99aiglwgg1mv406pw4pn-dart-3.4.2"
        }
      }
    },
    "php83Packages.composer@latest": {
      "last_modified": "2024-06-22T18:46:48Z",
      "resolved": "github:NixOS/nixpkgs/9693852a2070b398ee123a329e68f0dab5526681#php83Packages.composer",
      "source": "devbox-search",
      "version": "2.7.7",
      "systems": {
        "aarch64-darwin": {
          "outputs": [
            {
              "name": "out",
              "path": "/nix/store/c7z17lxbpw2h26hpz4lkm0qzr2ajmgyr-composer-2.7.7",
              "default": true
            }
          ],
          "store_path": "/nix/store/c7z17lxbpw2h26hpz4lkm0qzr2ajmgyr-composer-2.7.7"
        },
        "aarch64-linux": {
          "outputs": [
            {
              "name": "out",
              "path": "/nix/store/zf9k05kr9i81c14rkx49qpsllws5qqmy-composer-2.7.7",
              "default": true
            }
          ],
          "store_path": "/nix/store/zf9k05kr9i81c14rkx49qpsllws5qqmy-composer-2.7.7"
        },
        "x86_64-darwin": {
          "outputs": [
            {
              "name": "out",
              "path": "/nix/store/hwggjflib27ijasjgvhjg2fk7qg7qi2h-composer-2.7.7",
              "default": true
            }
          ],
          "store_path": "/nix/store/hwggjflib27ijasjgvhjg2fk7qg7qi2h-composer-2.7.7"
        },
        "x86_64-linux": {
          "outputs": [
            {
              "name": "out",
              "path": "/nix/store/vplfs2jszxnnms17s0pwmkhwbx71nasj-composer-2.7.7",
              "default": true
            }
          ],
          "store_path": "/nix/store/vplfs2jszxnnms17s0pwmkhwbx71nasj-composer-2.7.7"
        }
      }
    },
    "php@latest": {
      "last_modified": "2024-06-22T18:46:48Z",
      "plugin_version": "0.0.3",
      "resolved": "github:NixOS/nixpkgs/9693852a2070b398ee123a329e68f0dab5526681#php83",
      "source": "devbox-search",
      "version": "8.3.8",
      "systems": {
        "aarch64-darwin": {
          "outputs": [
            {
              "name": "out",
              "path": "/nix/store/075628hsjsd2cg26g7rsqq7c4p4n1b6s-php-with-extensions-8.3.8",
              "default": true
            }
          ],
          "store_path": "/nix/store/075628hsjsd2cg26g7rsqq7c4p4n1b6s-php-with-extensions-8.3.8"
        },
        "aarch64-linux": {
          "outputs": [
            {
              "name": "out",
              "path": "/nix/store/6jmxx5gp8skq2ainijd83nvhn45xzf7n-php-with-extensions-8.3.8",
              "default": true
            }
          ],
          "store_path": "/nix/store/6jmxx5gp8skq2ainijd83nvhn45xzf7n-php-with-extensions-8.3.8"
        },
        "x86_64-darwin": {
          "outputs": [
            {
              "name": "out",
              "path": "/nix/store/ilyy5b77bjvxi97n29b2kxx3innykh7v-php-with-extensions-8.3.8",
              "default": true
            }
          ],
          "store_path": "/nix/store/ilyy5b77bjvxi97n29b2kxx3innykh7v-php-with-extensions-8.3.8"
        },
        "x86_64-linux": {
          "outputs": [
            {
              "name": "out",
              "path": "/nix/store/2vp2fkf9av79zy2855w9cizm03fyksyi-php-with-extensions-8.3.8",
              "default": true
            }
          ],
          "store_path": "/nix/store/2vp2fkf9av79zy2855w9cizm03fyksyi-php-with-extensions-8.3.8"
        }
      }
    }
  }
}
