name: lock
class_comment: null
dependencies:
- name: LockFactory
  type: class
  source: Symfony\Component\Lock\LockFactory
- name: CombinedStore
  type: class
  source: Symfony\Component\Lock\Store\CombinedStore
- name: ConsensusStrategy
  type: class
  source: Symfony\Component\Lock\Strategy\ConsensusStrategy
properties: []
methods: []
traits:
- Symfony\Component\Lock\LockFactory
- Symfony\Component\Lock\Store\CombinedStore
- Symfony\Component\Lock\Strategy\ConsensusStrategy
interfaces: []
